// !$*UTF8*$!
{
	archiveVersion = 1;
	classes = {
	};
	objectVersion = 46;
	objects = {

/* Begin PBXBuildFile section */
		080A18F51C0D48F6005208EC /* GroupPhocusTableViewController.swift in Sources */ = {isa = PBXBuildFile; fileRef = 080A18F41C0D48F6005208EC /* GroupPhocusTableViewController.swift */; };
		0827B2401BF6758A00615A18 /* LockedScreenViewController.swift in Sources */ = {isa = PBXBuildFile; fileRef = 0827B23F1BF6758A00615A18 /* LockedScreenViewController.swift */; };
		087E34461C0F7FDF006D345C /* TakePhotoGroupViewController.swift in Sources */ = {isa = PBXBuildFile; fileRef = 087E34451C0F7FDF006D345C /* TakePhotoGroupViewController.swift */; settings = {ASSET_TAGS = (); }; };
		089C31C91C0FC7A80093D6EF /* CountdownGroup.swift in Sources */ = {isa = PBXBuildFile; fileRef = 089C31C81C0FC7A80093D6EF /* CountdownGroup.swift */; settings = {ASSET_TAGS = (); }; };
		08A3B2E31BF0618600E52E4A /* AppDelegate.swift in Sources */ = {isa = PBXBuildFile; fileRef = 08A3B2E21BF0618600E52E4A /* AppDelegate.swift */; };
		08A3B2E51BF0618600E52E4A /* ViewController.swift in Sources */ = {isa = PBXBuildFile; fileRef = 08A3B2E41BF0618600E52E4A /* ViewController.swift */; };
		08A3B2EB1BF0618600E52E4A /* Phocus.xcdatamodeld in Sources */ = {isa = PBXBuildFile; fileRef = 08A3B2E91BF0618600E52E4A /* Phocus.xcdatamodeld */; };
		08A3B2ED1BF0618600E52E4A /* Assets.xcassets in Resources */ = {isa = PBXBuildFile; fileRef = 08A3B2EC1BF0618600E52E4A /* Assets.xcassets */; };
		08A3B2F01BF0618600E52E4A /* LaunchScreen.storyboard in Resources */ = {isa = PBXBuildFile; fileRef = 08A3B2EE1BF0618600E52E4A /* LaunchScreen.storyboard */; };
		08A3B2F81BF0626600E52E4A /* Data.swift in Sources */ = {isa = PBXBuildFile; fileRef = 08A3B2F71BF0626600E52E4A /* Data.swift */; };
		08A3B2FA1BF06D4A00E52E4A /* FeedTableViewController.swift in Sources */ = {isa = PBXBuildFile; fileRef = 08A3B2F91BF06D4A00E52E4A /* FeedTableViewController.swift */; };
		08A3B2FC1BF070F400E52E4A /* FeedCell.swift in Sources */ = {isa = PBXBuildFile; fileRef = 08A3B2FB1BF070F400E52E4A /* FeedCell.swift */; };
		08A3B2FE1BF1247600E52E4A /* StartPhocusUiViewController.swift in Sources */ = {isa = PBXBuildFile; fileRef = 08A3B2FD1BF1247600E52E4A /* StartPhocusUiViewController.swift */; };
		08A3B3001BF12A1400E52E4A /* TakePhotoViewController.swift in Sources */ = {isa = PBXBuildFile; fileRef = 08A3B2FF1BF12A1400E52E4A /* TakePhotoViewController.swift */; };
		08A3B3021BF1C2CE00E52E4A /* CountDownViewController.swift in Sources */ = {isa = PBXBuildFile; fileRef = 08A3B3011BF1C2CE00E52E4A /* CountDownViewController.swift */; };
		08E4DF6B1C0FD52600E3F784 /* Main.storyboard in Resources */ = {isa = PBXBuildFile; fileRef = 08E4DF6A1C0FD52600E3F784 /* Main.storyboard */; settings = {ASSET_TAGS = (); }; };
		84D1DDBD1BFC48F200E66275 /* camera.wav in Resources */ = {isa = PBXBuildFile; fileRef = 84D1DDBC1BFC48F200E66275 /* camera.wav */; };
		84D1DDBF1BFC4BDC00E66275 /* QuartzCore.framework in Frameworks */ = {isa = PBXBuildFile; fileRef = 84D1DDBE1BFC4BDC00E66275 /* QuartzCore.framework */; };
		84D1DDC11BFD8FAB00E66275 /* SendChallengeTableViewController.swift in Sources */ = {isa = PBXBuildFile; fileRef = 84D1DDC01BFD8FAB00E66275 /* SendChallengeTableViewController.swift */; };
/* End PBXBuildFile section */

/* Begin PBXFileReference section */
		080A18F41C0D48F6005208EC /* GroupPhocusTableViewController.swift */ = {isa = PBXFileReference; fileEncoding = 4; lastKnownFileType = sourcecode.swift; path = GroupPhocusTableViewController.swift; sourceTree = "<group>"; };
		0827B23F1BF6758A00615A18 /* LockedScreenViewController.swift */ = {isa = PBXFileReference; fileEncoding = 4; lastKnownFileType = sourcecode.swift; path = LockedScreenViewController.swift; sourceTree = "<group>"; };
		087E34451C0F7FDF006D345C /* TakePhotoGroupViewController.swift */ = {isa = PBXFileReference; fileEncoding = 4; lastKnownFileType = sourcecode.swift; path = TakePhotoGroupViewController.swift; sourceTree = "<group>"; };
		089C31C81C0FC7A80093D6EF /* CountdownGroup.swift */ = {isa = PBXFileReference; fileEncoding = 4; lastKnownFileType = sourcecode.swift; name = CountdownGroup.swift; path = ../CountdownGroup.swift; sourceTree = "<group>"; };
		08A3B2DF1BF0618600E52E4A /* Phocus.app */ = {isa = PBXFileReference; explicitFileType = wrapper.application; includeInIndex = 0; path = Phocus.app; sourceTree = BUILT_PRODUCTS_DIR; };
		08A3B2E21BF0618600E52E4A /* AppDelegate.swift */ = {isa = PBXFileReference; lastKnownFileType = sourcecode.swift; path = AppDelegate.swift; sourceTree = "<group>"; };
		08A3B2E41BF0618600E52E4A /* ViewController.swift */ = {isa = PBXFileReference; lastKnownFileType = sourcecode.swift; path = ViewController.swift; sourceTree = "<group>"; };
		08A3B2EA1BF0618600E52E4A /* Phocus.xcdatamodel */ = {isa = PBXFileReference; lastKnownFileType = wrapper.xcdatamodel; path = Phocus.xcdatamodel; sourceTree = "<group>"; };
		08A3B2EC1BF0618600E52E4A /* Assets.xcassets */ = {isa = PBXFileReference; lastKnownFileType = folder.assetcatalog; path = Assets.xcassets; sourceTree = "<group>"; };
		08A3B2EF1BF0618600E52E4A /* Base */ = {isa = PBXFileReference; lastKnownFileType = file.storyboard; name = Base; path = Base.lproj/LaunchScreen.storyboard; sourceTree = "<group>"; };
		08A3B2F11BF0618600E52E4A /* Info.plist */ = {isa = PBXFileReference; lastKnownFileType = text.plist.xml; path = Info.plist; sourceTree = "<group>"; };
		08A3B2F71BF0626600E52E4A /* Data.swift */ = {isa = PBXFileReference; fileEncoding = 4; lastKnownFileType = sourcecode.swift; path = Data.swift; sourceTree = "<group>"; };
		08A3B2F91BF06D4A00E52E4A /* FeedTableViewController.swift */ = {isa = PBXFileReference; fileEncoding = 4; lastKnownFileType = sourcecode.swift; path = FeedTableViewController.swift; sourceTree = "<group>"; };
		08A3B2FB1BF070F400E52E4A /* FeedCell.swift */ = {isa = PBXFileReference; fileEncoding = 4; lastKnownFileType = sourcecode.swift; path = FeedCell.swift; sourceTree = "<group>"; };
		08A3B2FD1BF1247600E52E4A /* StartPhocusUiViewController.swift */ = {isa = PBXFileReference; fileEncoding = 4; lastKnownFileType = sourcecode.swift; path = StartPhocusUiViewController.swift; sourceTree = "<group>"; };
		08A3B2FF1BF12A1400E52E4A /* TakePhotoViewController.swift */ = {isa = PBXFileReference; fileEncoding = 4; lastKnownFileType = sourcecode.swift; path = TakePhotoViewController.swift; sourceTree = "<group>"; };
		08A3B3011BF1C2CE00E52E4A /* CountDownViewController.swift */ = {isa = PBXFileReference; fileEncoding = 4; lastKnownFileType = sourcecode.swift; path = CountDownViewController.swift; sourceTree = "<group>"; };
		08E4DF6A1C0FD52600E3F784 /* Main.storyboard */ = {isa = PBXFileReference; fileEncoding = 4; lastKnownFileType = file.storyboard; name = Main.storyboard; path = ../../../Downloads/Main.storyboard; sourceTree = "<group>"; };
		84D1DDBC1BFC48F200E66275 /* camera.wav */ = {isa = PBXFileReference; lastKnownFileType = audio.wav; name = camera.wav; path = ../../../Downloads/camera.wav; sourceTree = "<group>"; };
		84D1DDBE1BFC4BDC00E66275 /* QuartzCore.framework */ = {isa = PBXFileReference; lastKnownFileType = wrapper.framework; name = QuartzCore.framework; path = System/Library/Frameworks/QuartzCore.framework; sourceTree = SDKROOT; };
		84D1DDC01BFD8FAB00E66275 /* SendChallengeTableViewController.swift */ = {isa = PBXFileReference; fileEncoding = 4; lastKnownFileType = sourcecode.swift; path = SendChallengeTableViewController.swift; sourceTree = "<group>"; };
/* End PBXFileReference section */

/* Begin PBXFrameworksBuildPhase section */
		08A3B2DC1BF0618600E52E4A /* Frameworks */ = {
			isa = PBXFrameworksBuildPhase;
			buildActionMask = 2147483647;
			files = (
				84D1DDBF1BFC4BDC00E66275 /* QuartzCore.framework in Frameworks */,
			);
			runOnlyForDeploymentPostprocessing = 0;
		};
/* End PBXFrameworksBuildPhase section */

/* Begin PBXGroup section */
		0827B2431BF6B3D500615A18 /* Supporting Files */ = {
			isa = PBXGroup;
			children = (
				08830C9D1BFBC20F0021CA89 /* sounds */,
			);
			name = "Supporting Files";
			sourceTree = "<group>";
		};
		08830C9D1BFBC20F0021CA89 /* sounds */ = {
			isa = PBXGroup;
			children = (
				84D1DDBC1BFC48F200E66275 /* camera.wav */,
			);
			name = sounds;
			sourceTree = "<group>";
		};
		08A3B2D61BF0618600E52E4A = {
			isa = PBXGroup;
			children = (
				84D1DDBE1BFC4BDC00E66275 /* QuartzCore.framework */,
				08A3B2E11BF0618600E52E4A /* Phocus */,
				08A3B2E01BF0618600E52E4A /* Products */,
			);
			sourceTree = "<group>";
		};
		08A3B2E01BF0618600E52E4A /* Products */ = {
			isa = PBXGroup;
			children = (
				08A3B2DF1BF0618600E52E4A /* Phocus.app */,
			);
			name = Products;
			sourceTree = "<group>";
		};
		08A3B2E11BF0618600E52E4A /* Phocus */ = {
			isa = PBXGroup;
			children = (
				0827B2431BF6B3D500615A18 /* Supporting Files */,
				08A3B2E21BF0618600E52E4A /* AppDelegate.swift */,
				08A3B2E41BF0618600E52E4A /* ViewController.swift */,
				0827B23F1BF6758A00615A18 /* LockedScreenViewController.swift */,
				089C31C81C0FC7A80093D6EF /* CountdownGroup.swift */,
				08A3B3011BF1C2CE00E52E4A /* CountDownViewController.swift */,
				84D1DDC01BFD8FAB00E66275 /* SendChallengeTableViewController.swift */,
				08A3B2FF1BF12A1400E52E4A /* TakePhotoViewController.swift */,
				08E4DF6A1C0FD52600E3F784 /* Main.storyboard */,
				087E34451C0F7FDF006D345C /* TakePhotoGroupViewController.swift */,
				08A3B2FD1BF1247600E52E4A /* StartPhocusUiViewController.swift */,
				08A3B2F91BF06D4A00E52E4A /* FeedTableViewController.swift */,
				080A18F41C0D48F6005208EC /* GroupPhocusTableViewController.swift */,
				08A3B2FB1BF070F400E52E4A /* FeedCell.swift */,
				08A3B2EC1BF0618600E52E4A /* Assets.xcassets */,
				08A3B2EE1BF0618600E52E4A /* LaunchScreen.storyboard */,
				08A3B2F11BF0618600E52E4A /* Info.plist */,
				08A3B2E91BF0618600E52E4A /* Phocus.xcdatamodeld */,
				08A3B2F71BF0626600E52E4A /* Data.swift */,
			);
			path = Phocus;
			sourceTree = "<group>";
		};
/* End PBXGroup section */

/* Begin PBXNativeTarget section */
		08A3B2DE1BF0618600E52E4A /* Phocus */ = {
			isa = PBXNativeTarget;
			buildConfigurationList = 08A3B2F41BF0618600E52E4A /* Build configuration list for PBXNativeTarget "Phocus" */;
			buildPhases = (
				08A3B2DB1BF0618600E52E4A /* Sources */,
				08A3B2DC1BF0618600E52E4A /* Frameworks */,
				08A3B2DD1BF0618600E52E4A /* Resources */,
			);
			buildRules = (
			);
			dependencies = (
			);
			name = Phocus;
			productName = Phocus;
			productReference = 08A3B2DF1BF0618600E52E4A /* Phocus.app */;
			productType = "com.apple.product-type.application";
		};
/* End PBXNativeTarget section */

/* Begin PBXProject section */
		08A3B2D71BF0618600E52E4A /* Project object */ = {
			isa = PBXProject;
			attributes = {
				LastUpgradeCheck = 0700;
				ORGANIZATIONNAME = "Abraham Starosta";
				TargetAttributes = {
					08A3B2DE1BF0618600E52E4A = {
						CreatedOnToolsVersion = 7.0;
						DevelopmentTeam = 3KEY3B48DR;
					};
				};
			};
			buildConfigurationList = 08A3B2DA1BF0618600E52E4A /* Build configuration list for PBXProject "Phocus" */;
			compatibilityVersion = "Xcode 3.2";
			developmentRegion = English;
			hasScannedForEncodings = 0;
			knownRegions = (
				en,
				Base,
			);
			mainGroup = 08A3B2D61BF0618600E52E4A;
			productRefGroup = 08A3B2E01BF0618600E52E4A /* Products */;
			projectDirPath = "";
			projectRoot = "";
			targets = (
				08A3B2DE1BF0618600E52E4A /* Phocus */,
			);
		};
/* End PBXProject section */

/* Begin PBXResourcesBuildPhase section */
		08A3B2DD1BF0618600E52E4A /* Resources */ = {
			isa = PBXResourcesBuildPhase;
			buildActionMask = 2147483647;
			files = (
				08A3B2F01BF0618600E52E4A /* LaunchScreen.storyboard in Resources */,
				08A3B2ED1BF0618600E52E4A /* Assets.xcassets in Resources */,
				84D1DDBD1BFC48F200E66275 /* camera.wav in Resources */,
				08E4DF6B1C0FD52600E3F784 /* Main.storyboard in Resources */,
			);
			runOnlyForDeploymentPostprocessing = 0;
		};
/* End PBXResourcesBuildPhase section */

/* Begin PBXSourcesBuildPhase section */
		08A3B2DB1BF0618600E52E4A /* Sources */ = {
			isa = PBXSourcesBuildPhase;
			buildActionMask = 2147483647;
			files = (
				08A3B2EB1BF0618600E52E4A /* Phocus.xcdatamodeld in Sources */,
				089C31C91C0FC7A80093D6EF /* CountdownGroup.swift in Sources */,
				08A3B2E51BF0618600E52E4A /* ViewController.swift in Sources */,
				08A3B2FA1BF06D4A00E52E4A /* FeedTableViewController.swift in Sources */,
				087E34461C0F7FDF006D345C /* TakePhotoGroupViewController.swift in Sources */,
				08A3B2E31BF0618600E52E4A /* AppDelegate.swift in Sources */,
				0827B2401BF6758A00615A18 /* LockedScreenViewController.swift in Sources */,
				080A18F51C0D48F6005208EC /* GroupPhocusTableViewController.swift in Sources */,
				84D1DDC11BFD8FAB00E66275 /* SendChallengeTableViewController.swift in Sources */,
				08A3B2F81BF0626600E52E4A /* Data.swift in Sources */,
				08A3B2FC1BF070F400E52E4A /* FeedCell.swift in Sources */,
				08A3B3021BF1C2CE00E52E4A /* CountDownViewController.swift in Sources */,
				08A3B3001BF12A1400E52E4A /* TakePhotoViewController.swift in Sources */,
				08A3B2FE1BF1247600E52E4A /* StartPhocusUiViewController.swift in Sources */,
			);
			runOnlyForDeploymentPostprocessing = 0;
		};
/* End PBXSourcesBuildPhase section */

/* Begin PBXVariantGroup section */
		08A3B2EE1BF0618600E52E4A /* LaunchScreen.storyboard */ = {
			isa = PBXVariantGroup;
			children = (
				08A3B2EF1BF0618600E52E4A /* Base */,
			);
			name = LaunchScreen.storyboard;
			sourceTree = "<group>";
		};
/* End PBXVariantGroup section */

/* Begin XCBuildConfiguration section */
		08A3B2F21BF0618600E52E4A /* Debug */ = {
			isa = XCBuildConfiguration;
			buildSettings = {
				ALWAYS_SEARCH_USER_PATHS = NO;
				CLANG_CXX_LANGUAGE_STANDARD = "gnu++0x";
				CLANG_CXX_LIBRARY = "libc++";
				CLANG_ENABLE_MODULES = YES;
				CLANG_ENABLE_OBJC_ARC = YES;
				CLANG_WARN_BOOL_CONVERSION = YES;
				CLANG_WARN_CONSTANT_CONVERSION = YES;
				CLANG_WARN_DIRECT_OBJC_ISA_USAGE = YES_ERROR;
				CLANG_WARN_EMPTY_BODY = YES;
				CLANG_WARN_ENUM_CONVERSION = YES;
				CLANG_WARN_INT_CONVERSION = YES;
				CLANG_WARN_OBJC_ROOT_CLASS = YES_ERROR;
				CLANG_WARN_UNREACHABLE_CODE = YES;
				CLANG_WARN__DUPLICATE_METHOD_MATCH = YES;
				"CODE_SIGN_IDENTITY[sdk=iphoneos*]" = "iPhone Developer";
				COPY_PHASE_STRIP = NO;
				DEBUG_INFORMATION_FORMAT = dwarf;
				ENABLE_STRICT_OBJC_MSGSEND = YES;
				ENABLE_TESTABILITY = YES;
				GCC_C_LANGUAGE_STANDARD = gnu99;
				GCC_DYNAMIC_NO_PIC = NO;
				GCC_NO_COMMON_BLOCKS = YES;
				GCC_OPTIMIZATION_LEVEL = 0;
				GCC_PREPROCESSOR_DEFINITIONS = (
					"DEBUG=1",
					"$(inherited)",
				);
				GCC_WARN_64_TO_32_BIT_CONVERSION = YES;
				GCC_WARN_ABOUT_RETURN_TYPE = YES_ERROR;
				GCC_WARN_UNDECLARED_SELECTOR = YES;
				GCC_WARN_UNINITIALIZED_AUTOS = YES_AGGRESSIVE;
				GCC_WARN_UNUSED_FUNCTION = YES;
				GCC_WARN_UNUSED_VARIABLE = YES;
				IPHONEOS_DEPLOYMENT_TARGET = 9.0;
				MTL_ENABLE_DEBUG_INFO = YES;
				ONLY_ACTIVE_ARCH = YES;
				SDKROOT = iphoneos;
				SWIFT_OPTIMIZATION_LEVEL = "-Onone";
				TARGETED_DEVICE_FAMILY = "1,2";
			};
			name = Debug;
		};
		08A3B2F31BF0618600E52E4A /* Release */ = {
			isa = XCBuildConfiguration;
			buildSettings = {
				ALWAYS_SEARCH_USER_PATHS = NO;
				CLANG_CXX_LANGUAGE_STANDARD = "gnu++0x";
				CLANG_CXX_LIBRARY = "libc++";
				CLANG_ENABLE_MODULES = YES;
				CLANG_ENABLE_OBJC_ARC = YES;
				CLANG_WARN_BOOL_CONVERSION = YES;
				CLANG_WARN_CONSTANT_CONVERSION = YES;
				CLANG_WARN_DIRECT_OBJC_ISA_USAGE = YES_ERROR;
				CLANG_WARN_EMPTY_BODY = YES;
				CLANG_WARN_ENUM_CONVERSION = YES;
				CLANG_WARN_INT_CONVERSION = YES;
				CLANG_WARN_OBJC_ROOT_CLASS = YES_ERROR;
				CLANG_WARN_UNREACHABLE_CODE = YES;
				CLANG_WARN__DUPLICATE_METHOD_MATCH = YES;
				"CODE_SIGN_IDENTITY[sdk=iphoneos*]" = "iPhone Developer";
				COPY_PHASE_STRIP = NO;
				DEBUG_INFORMATION_FORMAT = "dwarf-with-dsym";
				ENABLE_NS_ASSERTIONS = NO;
				ENABLE_STRICT_OBJC_MSGSEND = YES;
				GCC_C_LANGUAGE_STANDARD = gnu99;
				GCC_NO_COMMON_BLOCKS = YES;
				GCC_WARN_64_TO_32_BIT_CONVERSION = YES;
				GCC_WARN_ABOUT_RETURN_TYPE = YES_ERROR;
				GCC_WARN_UNDECLARED_SELECTOR = YES;
				GCC_WARN_UNINITIALIZED_AUTOS = YES_AGGRESSIVE;
				GCC_WARN_UNUSED_FUNCTION = YES;
				GCC_WARN_UNUSED_VARIABLE = YES;
				IPHONEOS_DEPLOYMENT_TARGET = 9.0;
				MTL_ENABLE_DEBUG_INFO = NO;
				SDKROOT = iphoneos;
				TARGETED_DEVICE_FAMILY = "1,2";
				VALIDATE_PRODUCT = YES;
			};
			name = Release;
		};
		08A3B2F51BF0618600E52E4A /* Debug */ = {
			isa = XCBuildConfiguration;
			buildSettings = {
				ASSETCATALOG_COMPILER_APPICON_NAME = AppIcon;
				CODE_SIGN_IDENTITY = "iPhone Developer";
				INFOPLIST_FILE = Phocus/Info.plist;
				LD_RUNPATH_SEARCH_PATHS = "$(inherited) @executable_path/Frameworks";
				PRODUCT_BUNDLE_IDENTIFIER = edu.stanford.cs147.Phocus;
				PRODUCT_NAME = "$(TARGET_NAME)";
				TARGETED_DEVICE_FAMILY = 1;
			};
			name = Debug;
		};
		08A3B2F61BF0618600E52E4A /* Release */ = {
			isa = XCBuildConfiguration;
			buildSettings = {
				ASSETCATALOG_COMPILER_APPICON_NAME = AppIcon;
				CODE_SIGN_IDENTITY = "iPhone Developer";
				INFOPLIST_FILE = Phocus/Info.plist;
				LD_RUNPATH_SEARCH_PATHS = "$(inherited) @executable_path/Frameworks";
				PRODUCT_BUNDLE_IDENTIFIER = edu.stanford.cs147.Phocus;
				PRODUCT_NAME = "$(TARGET_NAME)";
				TARGETED_DEVICE_FAMILY = 1;
			};
			name = Release;
		};
/* End XCBuildConfiguration section */

/* Begin XCConfigurationList section */
		08A3B2DA1BF0618600E52E4A /* Build configuration list for PBXProject "Phocus" */ = {
			isa = XCConfigurationList;
			buildConfigurations = (
				08A3B2F21BF0618600E52E4A /* Debug */,
				08A3B2F31BF0618600E52E4A /* Release */,
			);
			defaultConfigurationIsVisible = 0;
			defaultConfigurationName = Release;
		};
		08A3B2F41BF0618600E52E4A /* Build configuration list for PBXNativeTarget "Phocus" */ = {
			isa = XCConfigurationList;
			buildConfigurations = (
				08A3B2F51BF0618600E52E4A /* Debug */,
				08A3B2F61BF0618600E52E4A /* Release */,
			);
			defaultConfigurationIsVisible = 0;
			defaultConfigurationName = Release;
		};
/* End XCConfigurationList section */

/* Begin XCVersionGroup section */
		08A3B2E91BF0618600E52E4A /* Phocus.xcdatamodeld */ = {
			isa = XCVersionGroup;
			children = (
				08A3B2EA1BF0618600E52E4A /* Phocus.xcdatamodel */,
			);
			currentVersion = 08A3B2EA1BF0618600E52E4A /* Phocus.xcdatamodel */;
			path = Phocus.xcdatamodeld;
			sourceTree = "<group>";
			versionGroupType = wrapper.xcdatamodel;
		};
/* End XCVersionGroup section */
	};
	rootObject = 08A3B2D71BF0618600E52E4A /* Project object */;
}
